// !$*UTF8*$!
{
	archiveVersion = 1;
	classes = {
	};
	objectVersion = 46;
	objects = {

/* Begin PBXBuildFile section */
		84D6835D1BC3878D005294AC /* AppDelegate.swift in Sources */ = {isa = PBXBuildFile; fileRef = 84D6835C1BC3878D005294AC /* AppDelegate.swift */; };
		84D6835F1BC3878D005294AC /* FirstViewController.swift in Sources */ = {isa = PBXBuildFile; fileRef = 84D6835E1BC3878D005294AC /* FirstViewController.swift */; };
		84D683611BC3878D005294AC /* SecondViewController.swift in Sources */ = {isa = PBXBuildFile; fileRef = 84D683601BC3878D005294AC /* SecondViewController.swift */; };
		84D683641BC3878D005294AC /* Main.storyboard in Resources */ = {isa = PBXBuildFile; fileRef = 84D683621BC3878D005294AC /* Main.storyboard */; };
		84D683661BC3878D005294AC /* Images.xcassets in Resources */ = {isa = PBXBuildFile; fileRef = 84D683651BC3878D005294AC /* Images.xcassets */; };
		84D683691BC3878D005294AC /* LaunchScreen.xib in Resources */ = {isa = PBXBuildFile; fileRef = 84D683671BC3878D005294AC /* LaunchScreen.xib */; };
		84D683751BC3878D005294AC /* WTBUTests.swift in Sources */ = {isa = PBXBuildFile; fileRef = 84D683741BC3878D005294AC /* WTBUTests.swift */; };
/* End PBXBuildFile section */

/* Begin PBXContainerItemProxy section */
		84D6836F1BC3878D005294AC /* PBXContainerItemProxy */ = {
			isa = PBXContainerItemProxy;
			containerPortal = 84D6834F1BC3878D005294AC /* Project object */;
			proxyType = 1;
			remoteGlobalIDString = 84D683561BC3878D005294AC;
			remoteInfo = WTBU;
		};
/* End PBXContainerItemProxy section */

/* Begin PBXFileReference section */
		84D683571BC3878D005294AC /* WTBU.app */ = {isa = PBXFileReference; explicitFileType = wrapper.application; includeInIndex = 0; path = WTBU.app; sourceTree = BUILT_PRODUCTS_DIR; };
		84D6835B1BC3878D005294AC /* Info.plist */ = {isa = PBXFileReference; lastKnownFileType = text.plist.xml; path = Info.plist; sourceTree = "<group>"; };
		84D6835C1BC3878D005294AC /* AppDelegate.swift */ = {isa = PBXFileReference; lastKnownFileType = sourcecode.swift; path = AppDelegate.swift; sourceTree = "<group>"; };
		84D6835E1BC3878D005294AC /* FirstViewController.swift */ = {isa = PBXFileReference; lastKnownFileType = sourcecode.swift; path = FirstViewController.swift; sourceTree = "<group>"; };
		84D683601BC3878D005294AC /* SecondViewController.swift */ = {isa = PBXFileReference; lastKnownFileType = sourcecode.swift; path = SecondViewController.swift; sourceTree = "<group>"; };
		84D683631BC3878D005294AC /* Base */ = {isa = PBXFileReference; lastKnownFileType = file.storyboard; name = Base; path = Base.lproj/Main.storyboard; sourceTree = "<group>"; };
		84D683651BC3878D005294AC /* Images.xcassets */ = {isa = PBXFileReference; lastKnownFileType = folder.assetcatalog; path = Images.xcassets; sourceTree = "<group>"; };
		84D683681BC3878D005294AC /* Base */ = {isa = PBXFileReference; lastKnownFileType = file.xib; name = Base; path = Base.lproj/LaunchScreen.xib; sourceTree = "<group>"; };
		84D6836E1BC3878D005294AC /* WTBUTests.xctest */ = {isa = PBXFileReference; explicitFileType = wrapper.cfbundle; includeInIndex = 0; path = WTBUTests.xctest; sourceTree = BUILT_PRODUCTS_DIR; };
		84D683731BC3878D005294AC /* Info.plist */ = {isa = PBXFileReference; lastKnownFileType = text.plist.xml; path = Info.plist; sourceTree = "<group>"; };
		84D683741BC3878D005294AC /* WTBUTests.swift */ = {isa = PBXFileReference; lastKnownFileType = sourcecode.swift; path = WTBUTests.swift; sourceTree = "<group>"; };
/* End PBXFileReference section */

/* Begin PBXFrameworksBuildPhase section */
		84D683541BC3878D005294AC /* Frameworks */ = {
			isa = PBXFrameworksBuildPhase;
			buildActionMask = 2147483647;
			files = (
			);
			runOnlyForDeploymentPostprocessing = 0;
		};
		84D6836B1BC3878D005294AC /* Frameworks */ = {
			isa = PBXFrameworksBuildPhase;
			buildActionMask = 2147483647;
			files = (
			);
			runOnlyForDeploymentPostprocessing = 0;
		};
/* End PBXFrameworksBuildPhase section */

/* Begin PBXGroup section */
		84D6834E1BC3878D005294AC = {
			isa = PBXGroup;
			children = (
				84D683591BC3878D005294AC /* WTBU */,
				84D683711BC3878D005294AC /* WTBUTests */,
				84D683581BC3878D005294AC /* Products */,
			);
			sourceTree = "<group>";
		};
		84D683581BC3878D005294AC /* Products */ = {
			isa = PBXGroup;
			children = (
				84D683571BC3878D005294AC /* WTBU.app */,
				84D6836E1BC3878D005294AC /* WTBUTests.xctest */,
			);
			name = Products;
			sourceTree = "<group>";
		};
		84D683591BC3878D005294AC /* WTBU */ = {
			isa = PBXGroup;
			children = (
				84D6835C1BC3878D005294AC /* AppDelegate.swift */,
				84D6835E1BC3878D005294AC /* FirstViewController.swift */,
				84D683601BC3878D005294AC /* SecondViewController.swift */,
				84D683621BC3878D005294AC /* Main.storyboard */,
				84D683651BC3878D005294AC /* Images.xcassets */,
				84D683671BC3878D005294AC /* LaunchScreen.xib */,
				84D6835A1BC3878D005294AC /* Supporting Files */,
			);
			path = WTBU;
			sourceTree = "<group>";
		};
		84D6835A1BC3878D005294AC /* Supporting Files */ = {
			isa = PBXGroup;
			children = (
				84D6835B1BC3878D005294AC /* Info.plist */,
			);
			name = "Supporting Files";
			sourceTree = "<group>";
		};
		84D683711BC3878D005294AC /* WTBUTests */ = {
			isa = PBXGroup;
			children = (
				84D683741BC3878D005294AC /* WTBUTests.swift */,
				84D683721BC3878D005294AC /* Supporting Files */,
			);
			path = WTBUTests;
			sourceTree = "<group>";
		};
		84D683721BC3878D005294AC /* Supporting Files */ = {
			isa = PBXGroup;
			children = (
				84D683731BC3878D005294AC /* Info.plist */,
			);
			name = "Supporting Files";
			sourceTree = "<group>";
		};
/* End PBXGroup section */

/* Begin PBXNativeTarget section */
		84D683561BC3878D005294AC /* WTBU */ = {
			isa = PBXNativeTarget;
			buildConfigurationList = 84D683781BC3878D005294AC /* Build configuration list for PBXNativeTarget "WTBU" */;
			buildPhases = (
				84D683531BC3878D005294AC /* Sources */,
				84D683541BC3878D005294AC /* Frameworks */,
				84D683551BC3878D005294AC /* Resources */,
			);
			buildRules = (
			);
			dependencies = (
			);
			name = WTBU;
			productName = WTBU;
			productReference = 84D683571BC3878D005294AC /* WTBU.app */;
			productType = "com.apple.product-type.application";
		};
		84D6836D1BC3878D005294AC /* WTBUTests */ = {
			isa = PBXNativeTarget;
			buildConfigurationList = 84D6837B1BC3878D005294AC /* Build configuration list for PBXNativeTarget "WTBUTests" */;
			buildPhases = (
				84D6836A1BC3878D005294AC /* Sources */,
				84D6836B1BC3878D005294AC /* Frameworks */,
				84D6836C1BC3878D005294AC /* Resources */,
			);
			buildRules = (
			);
			dependencies = (
				84D683701BC3878D005294AC /* PBXTargetDependency */,
			);
			name = WTBUTests;
			productName = WTBUTests;
			productReference = 84D6836E1BC3878D005294AC /* WTBUTests.xctest */;
			productType = "com.apple.product-type.bundle.unit-test";
		};
/* End PBXNativeTarget section */

/* Begin PBXProject section */
		84D6834F1BC3878D005294AC /* Project object */ = {
			isa = PBXProject;
			attributes = {
				LastUpgradeCheck = 0640;
				ORGANIZATIONNAME = Admin;
				TargetAttributes = {
					84D683561BC3878D005294AC = {
						CreatedOnToolsVersion = 6.4;
					};
					84D6836D1BC3878D005294AC = {
						CreatedOnToolsVersion = 6.4;
						TestTargetID = 84D683561BC3878D005294AC;
					};
				};
			};
			buildConfigurationList = 84D683521BC3878D005294AC /* Build configuration list for PBXProject "WTBU" */;
			compatibilityVersion = "Xcode 3.2";
			developmentRegion = English;
			hasScannedForEncodings = 0;
			knownRegions = (
				en,
				Base,
			);
			mainGroup = 84D6834E1BC3878D005294AC;
			productRefGroup = 84D683581BC3878D005294AC /* Products */;
			projectDirPath = "";
			projectRoot = "";
			targets = (
				84D683561BC3878D005294AC /* WTBU */,
				84D6836D1BC3878D005294AC /* WTBUTests */,
			);
		};
/* End PBXProject section */

/* Begin PBXResourcesBuildPhase section */
		84D683551BC3878D005294AC /* Resources */ = {
			isa = PBXResourcesBuildPhase;
			buildActionMask = 2147483647;
			files = (
				84D683641BC3878D005294AC /* Main.storyboard in Resources */,
				84D683691BC3878D005294AC /* LaunchScreen.xib in Resources */,
				84D683661BC3878D005294AC /* Images.xcassets in Resources */,
			);
			runOnlyForDeploymentPostprocessing = 0;
		};
		84D6836C1BC3878D005294AC /* Resources */ = {
			isa = PBXResourcesBuildPhase;
			buildActionMask = 2147483647;
			files = (
			);
			runOnlyForDeploymentPostprocessing = 0;
		};
/* End PBXResourcesBuildPhase section */

/* Begin PBXSourcesBuildPhase section */
		84D683531BC3878D005294AC /* Sources */ = {
			isa = PBXSourcesBuildPhase;
			buildActionMask = 2147483647;
			files = (
				84D683611BC3878D005294AC /* SecondViewController.swift in Sources */,
				84D6835D1BC3878D005294AC /* AppDelegate.swift in Sources */,
				84D6835F1BC3878D005294AC /* FirstViewController.swift in Sources */,
			);
			runOnlyForDeploymentPostprocessing = 0;
		};
		84D6836A1BC3878D005294AC /* Sources */ = {
			isa = PBXSourcesBuildPhase;
			buildActionMask = 2147483647;
			files = (
				84D683751BC3878D005294AC /* WTBUTests.swift in Sources */,
			);
			runOnlyForDeploymentPostprocessing = 0;
		};
/* End PBXSourcesBuildPhase section */

/* Begin PBXTargetDependency section */
		84D683701BC3878D005294AC /* PBXTargetDependency */ = {
			isa = PBXTargetDependency;
			target = 84D683561BC3878D005294AC /* WTBU */;
			targetProxy = 84D6836F1BC3878D005294AC /* PBXContainerItemProxy */;
		};
/* End PBXTargetDependency section */

/* Begin PBXVariantGroup section */
		84D683621BC3878D005294AC /* Main.storyboard */ = {
			isa = PBXVariantGroup;
			children = (
				84D683631BC3878D005294AC /* Base */,
			);
			name = Main.storyboard;
			sourceTree = "<group>";
		};
		84D683671BC3878D005294AC /* LaunchScreen.xib */ = {
			isa = PBXVariantGroup;
			children = (
				84D683681BC3878D005294AC /* Base */,
			);
			name = LaunchScreen.xib;
			sourceTree = "<group>";
		};
/* End PBXVariantGroup section */

/* Begin XCBuildConfiguration section */
		84D683761BC3878D005294AC /* Debug */ = {
			isa = XCBuildConfiguration;
			buildSettings = {
				ALWAYS_SEARCH_USER_PATHS = NO;
				CLANG_CXX_LANGUAGE_STANDARD = "gnu++0x";
				CLANG_CXX_LIBRARY = "libc++";
				CLANG_ENABLE_MODULES = YES;
				CLANG_ENABLE_OBJC_ARC = YES;
				CLANG_WARN_BOOL_CONVERSION = YES;
				CLANG_WARN_CONSTANT_CONVERSION = YES;
				CLANG_WARN_DIRECT_OBJC_ISA_USAGE = YES_ERROR;
				CLANG_WARN_EMPTY_BODY = YES;
				CLANG_WARN_ENUM_CONVERSION = YES;
				CLANG_WARN_INT_CONVERSION = YES;
				CLANG_WARN_OBJC_ROOT_CLASS = YES_ERROR;
				CLANG_WARN_UNREACHABLE_CODE = YES;
				CLANG_WARN__DUPLICATE_METHOD_MATCH = YES;
				"CODE_SIGN_IDENTITY[sdk=iphoneos*]" = "iPhone Developer";
				COPY_PHASE_STRIP = NO;
				DEBUG_INFORMATION_FORMAT = "dwarf-with-dsym";
				ENABLE_STRICT_OBJC_MSGSEND = YES;
				GCC_C_LANGUAGE_STANDARD = gnu99;
				GCC_DYNAMIC_NO_PIC = NO;
				GCC_NO_COMMON_BLOCKS = YES;
				GCC_OPTIMIZATION_LEVEL = 0;
				GCC_PREPROCESSOR_DEFINITIONS = (
					"DEBUG=1",
					"$(inherited)",
				);
				GCC_SYMBOLS_PRIVATE_EXTERN = NO;
				GCC_WARN_64_TO_32_BIT_CONVERSION = YES;
				GCC_WARN_ABOUT_RETURN_TYPE = YES_ERROR;
				GCC_WARN_UNDECLARED_SELECTOR = YES;
				GCC_WARN_UNINITIALIZED_AUTOS = YES_AGGRESSIVE;
				GCC_WARN_UNUSED_FUNCTION = YES;
				GCC_WARN_UNUSED_VARIABLE = YES;
				IPHONEOS_DEPLOYMENT_TARGET = 8.4;
				MTL_ENABLE_DEBUG_INFO = YES;
				ONLY_ACTIVE_ARCH = YES;
				SDKROOT = iphoneos;
				SWIFT_OPTIMIZATION_LEVEL = "-Onone";
				TARGETED_DEVICE_FAMILY = "1,2";
			};
			name = Debug;
		};
		84D683771BC3878D005294AC /* Release */ = {
			isa = XCBuildConfiguration;
			buildSettings = {
				ALWAYS_SEARCH_USER_PATHS = NO;
				CLANG_CXX_LANGUAGE_STANDARD = "gnu++0x";
				CLANG_CXX_LIBRARY = "libc++";
				CLANG_ENABLE_MODULES = YES;
				CLANG_ENABLE_OBJC_ARC = YES;
				CLANG_WARN_BOOL_CONVERSION = YES;
				CLANG_WARN_CONSTANT_CONVERSION = YES;
				CLANG_WARN_DIRECT_OBJC_ISA_USAGE = YES_ERROR;
				CLANG_WARN_EMPTY_BODY = YES;
				CLANG_WARN_ENUM_CONVERSION = YES;
				CLANG_WARN_INT_CONVERSION = YES;
				CLANG_WARN_OBJC_ROOT_CLASS = YES_ERROR;
				CLANG_WARN_UNREACHABLE_CODE = YES;
				CLANG_WARN__DUPLICATE_METHOD_MATCH = YES;
				"CODE_SIGN_IDENTITY[sdk=iphoneos*]" = "iPhone Developer";
				COPY_PHASE_STRIP = NO;
				DEBUG_INFORMATION_FORMAT = "dwarf-with-dsym";
				ENABLE_NS_ASSERTIONS = NO;
				ENABLE_STRICT_OBJC_MSGSEND = YES;
				GCC_C_LANGUAGE_STANDARD = gnu99;
				GCC_NO_COMMON_BLOCKS = YES;
				GCC_WARN_64_TO_32_BIT_CONVERSION = YES;
				GCC_WARN_ABOUT_RETURN_TYPE = YES_ERROR;
				GCC_WARN_UNDECLARED_SELECTOR = YES;
				GCC_WARN_UNINITIALIZED_AUTOS = YES_AGGRESSIVE;
				GCC_WARN_UNUSED_FUNCTION = YES;
				GCC_WARN_UNUSED_VARIABLE = YES;
				IPHONEOS_DEPLOYMENT_TARGET = 8.4;
				MTL_ENABLE_DEBUG_INFO = NO;
				SDKROOT = iphoneos;
				TARGETED_DEVICE_FAMILY = "1,2";
				VALIDATE_PRODUCT = YES;
			};
			name = Release;
		};
		84D683791BC3878D005294AC /* Debug */ = {
			isa = XCBuildConfiguration;
			buildSettings = {
				ASSETCATALOG_COMPILER_APPICON_NAME = AppIcon;
				INFOPLIST_FILE = WTBU/Info.plist;
				LD_RUNPATH_SEARCH_PATHS = "$(inherited) @executable_path/Frameworks";
				PRODUCT_NAME = "$(TARGET_NAME)";
			};
			name = Debug;
		};
		84D6837A1BC3878D005294AC /* Release */ = {
			isa = XCBuildConfiguration;
			buildSettings = {
				ASSETCATALOG_COMPILER_APPICON_NAME = AppIcon;
				INFOPLIST_FILE = WTBU/Info.plist;
				LD_RUNPATH_SEARCH_PATHS = "$(inherited) @executable_path/Frameworks";
				PRODUCT_NAME = "$(TARGET_NAME)";
			};
			name = Release;
		};
		84D6837C1BC3878D005294AC /* Debug */ = {
			isa = XCBuildConfiguration;
			buildSettings = {
				BUNDLE_LOADER = "$(TEST_HOST)";
				FRAMEWORK_SEARCH_PATHS = (
					"$(SDKROOT)/Developer/Library/Frameworks",
					"$(inherited)",
				);
				GCC_PREPROCESSOR_DEFINITIONS = (
					"DEBUG=1",
					"$(inherited)",
				);
				INFOPLIST_FILE = WTBUTests/Info.plist;
				LD_RUNPATH_SEARCH_PATHS = "$(inherited) @executable_path/Frameworks @loader_path/Frameworks";
				PRODUCT_NAME = "$(TARGET_NAME)";
				TEST_HOST = "$(BUILT_PRODUCTS_DIR)/WTBU.app/WTBU";
			};
			name = Debug;
		};
		84D6837D1BC3878D005294AC /* Release */ = {
			isa = XCBuildConfiguration;
			buildSettings = {
				BUNDLE_LOADER = "$(TEST_HOST)";
				FRAMEWORK_SEARCH_PATHS = (
					"$(SDKROOT)/Developer/Library/Frameworks",
					"$(inherited)",
				);
				INFOPLIST_FILE = WTBUTests/Info.plist;
				LD_RUNPATH_SEARCH_PATHS = "$(inherited) @executable_path/Frameworks @loader_path/Frameworks";
				PRODUCT_NAME = "$(TARGET_NAME)";
				TEST_HOST = "$(BUILT_PRODUCTS_DIR)/WTBU.app/WTBU";
			};
			name = Release;
		};
/* End XCBuildConfiguration section */

/* Begin XCConfigurationList section */
		84D683521BC3878D005294AC /* Build configuration list for PBXProject "WTBU" */ = {
			isa = XCConfigurationList;
			buildConfigurations = (
				84D683761BC3878D005294AC /* Debug */,
				84D683771BC3878D005294AC /* Release */,
			);
			defaultConfigurationIsVisible = 0;
			defaultConfigurationName = Release;
		};
		84D683781BC3878D005294AC /* Build configuration list for PBXNativeTarget "WTBU" */ = {
			isa = XCConfigurationList;
			buildConfigurations = (
				84D683791BC3878D005294AC /* Debug */,
				84D6837A1BC3878D005294AC /* Release */,
			);
			defaultConfigurationIsVisible = 0;
		};
		84D6837B1BC3878D005294AC /* Build configuration list for PBXNativeTarget "WTBUTests" */ = {
			isa = XCConfigurationList;
			buildConfigurations = (
				84D6837C1BC3878D005294AC /* Debug */,
				84D6837D1BC3878D005294AC /* Release */,
			);
			defaultConfigurationIsVisible = 0;
		};
/* End XCConfigurationList section */
	};
	rootObject = 84D6834F1BC3878D005294AC /* Project object */;
}
